// !$*UTF8*$!
{
	archiveVersion = 1;
	classes = {
	};
	objectVersion = 54;
	objects = {

/* Begin PBXBuildFile section */
		0FE9C8F6B53221445A9655E3 /* Pods_Runner.framework in Frameworks */ = {isa = PBXBuildFile; fileRef = D495A07D94319A92FAF1C197 /* Pods_Runner.framework */; };
		1498D2341E8E89220040F4C2 /* GeneratedPluginRegistrant.m in Sources */ = {isa = PBXBuildFile; fileRef = 1498D2331E8E89220040F4C2 /* GeneratedPluginRegistrant.m */; };
		331C808B294A63AB00263BE5 /* RunnerTests.swift in Sources */ = {isa = PBXBuildFile; fileRef = 331C807B294A618700263BE5 /* RunnerTests.swift */; };
		3B3967161E833CAA004F5970 /* AppFrameworkInfo.plist in Resources */ = {isa = PBXBuildFile; fileRef = 3B3967151E833CAA004F5970 /* AppFrameworkInfo.plist */; };
		60BE21D62F39D84B005D56DA /* Cloud.json in Resources */ = {isa = PBXBuildFile; fileRef = 60BE21C72F39D84B005D56DA /* Cloud.json */; };
		60BE21D72F39D84B005D56DA /* JAAddDeviceKindsTwo.json in Resources */ = {isa = PBXBuildFile; fileRef = 60BE21CB2F39D84B005D56DA /* JAAddDeviceKindsTwo.json */; };
		60BE21D82F39D84B005D56DA /* PreviewPlayback.json in Resources */ = {isa = PBXBuildFile; fileRef = 60BE21D42F39D84B005D56DA /* PreviewPlayback.json */; };
		60BE21D92F39D84B005D56DA /* JANewAddDeviceKindsTwo.json in Resources */ = {isa = PBXBuildFile; fileRef = 60BE21D02F39D84B005D56DA /* JANewAddDeviceKindsTwo.json */; };
		60BE21DA2F39D84B005D56DA /* JAAddDeviceType.json in Resources */ = {isa = PBXBuildFile; fileRef = 60BE21CC2F39D84B005D56DA /* JAAddDeviceType.json */; };
		60BE21DB2F39D84B005D56DA /* AddDevice.json in Resources */ = {isa = PBXBuildFile; fileRef = 60BE21C62F39D84B005D56DA /* AddDevice.json */; };
		60BE21DC2F39D84B005D56DA /* LoginRegisterForgot.json in Resources */ = {isa = PBXBuildFile; fileRef = 60BE21D22F39D84B005D56DA /* LoginRegisterForgot.json */; };
		60BE21DD2F39D84B005D56DA /* JAConnectHelp.json in Resources */ = {isa = PBXBuildFile; fileRef = 60BE21CD2F39D84B005D56DA /* JAConnectHelp.json */; };
		60BE21DE2F39D84B005D56DA /* JAHelpType.json in Resources */ = {isa = PBXBuildFile; fileRef = 60BE21CF2F39D84B005D56DA /* JAHelpType.json */; };
		60BE21DF2F39D84B005D56DA /* index.json in Resources */ = {isa = PBXBuildFile; fileRef = 60BE21C82F39D84B005D56DA /* index.json */; };
		60BE21E02F39D84B005D56DA /* JAAddDeviceHelp.json in Resources */ = {isa = PBXBuildFile; fileRef = 60BE21C92F39D84B005D56DA /* JAAddDeviceHelp.json */; };
		60BE21E12F39D84B005D56DA /* JAHelp.json in Resources */ = {isa = PBXBuildFile; fileRef = 60BE21CE2F39D84B005D56DA /* JAHelp.json */; };
		60BE21E22F39D84B005D56DA /* JANewDayLightTable.plist in Resources */ = {isa = PBXBuildFile; fileRef = 60BE21D12F39D84B005D56DA /* JANewDayLightTable.plist */; };
		60BE21E32F39D84B005D56DA /* JAAddDeviceKinds.json in Resources */ = {isa = PBXBuildFile; fileRef = 60BE21CA2F39D84B005D56DA /* JAAddDeviceKinds.json */; };
		60BE21E42F39D84B005D56DA /* me.json in Resources */ = {isa = PBXBuildFile; fileRef = 60BE21D32F39D84B005D56DA /* me.json */; };
		60BE21E52F39D84B005D56DA /* Cloud.json in Resources */ = {isa = PBXBuildFile; fileRef = 60BE21C72F39D84B005D56DA /* Cloud.json */; };
		60BE21E62F39D84B005D56DA /* JAAddDeviceKindsTwo.json in Resources */ = {isa = PBXBuildFile; fileRef = 60BE21CB2F39D84B005D56DA /* JAAddDeviceKindsTwo.json */; };
		60BE21E72F39D84B005D56DA /* PreviewPlayback.json in Resources */ = {isa = PBXBuildFile; fileRef = 60BE21D42F39D84B005D56DA /* PreviewPlayback.json */; };
		60BE21E82F39D84B005D56DA /* JANewAddDeviceKindsTwo.json in Resources */ = {isa = PBXBuildFile; fileRef = 60BE21D02F39D84B005D56DA /* JANewAddDeviceKindsTwo.json */; };
		60BE21E92F39D84B005D56DA /* JAAddDeviceType.json in Resources */ = {isa = PBXBuildFile; fileRef = 60BE21CC2F39D84B005D56DA /* JAAddDeviceType.json */; };
		60BE21EA2F39D84B005D56DA /* AddDevice.json in Resources */ = {isa = PBXBuildFile; fileRef = 60BE21C62F39D84B005D56DA /* AddDevice.json */; };
		60BE21EB2F39D84B005D56DA /* LoginRegisterForgot.json in Resources */ = {isa = PBXBuildFile; fileRef = 60BE21D22F39D84B005D56DA /* LoginRegisterForgot.json */; };
		60BE21EC2F39D84B005D56DA /* JAConnectHelp.json in Resources */ = {isa = PBXBuildFile; fileRef = 60BE21CD2F39D84B005D56DA /* JAConnectHelp.json */; };
		60BE21ED2F39D84B005D56DA /* JAHelpType.json in Resources */ = {isa = PBXBuildFile; fileRef = 60BE21CF2F39D84B005D56DA /* JAHelpType.json */; };
		60BE21EE2F39D84B005D56DA /* index.json in Resources */ = {isa = PBXBuildFile; fileRef = 60BE21C82F39D84B005D56DA /* index.json */; };
		60BE21EF2F39D84B005D56DA /* JAAddDeviceHelp.json in Resources */ = {isa = PBXBuildFile; fileRef = 60BE21C92F39D84B005D56DA /* JAAddDeviceHelp.json */; };
		60BE21F02F39D84B005D56DA /* JAHelp.json in Resources */ = {isa = PBXBuildFile; fileRef = 60BE21CE2F39D84B005D56DA /* JAHelp.json */; };
		60BE21F12F39D84B005D56DA /* JANewDayLightTable.plist in Resources */ = {isa = PBXBuildFile; fileRef = 60BE21D12F39D84B005D56DA /* JANewDayLightTable.plist */; };
		60BE21F22F39D84B005D56DA /* JAAddDeviceKinds.json in Resources */ = {isa = PBXBuildFile; fileRef = 60BE21CA2F39D84B005D56DA /* JAAddDeviceKinds.json */; };
		60BE21F32F39D84B005D56DA /* me.json in Resources */ = {isa = PBXBuildFile; fileRef = 60BE21D32F39D84B005D56DA /* me.json */; };
		60BE21F52F39D8BF005D56DA /* MBProgressHUDStatus.bundle in Resources */ = {isa = PBXBuildFile; fileRef = 60BE21F42F39D8BF005D56DA /* MBProgressHUDStatus.bundle */; };
		60BE21F62F39D8BF005D56DA /* MBProgressHUDStatus.bundle in Resources */ = {isa = PBXBuildFile; fileRef = 60BE21F42F39D8BF005D56DA /* MBProgressHUDStatus.bundle */; };
		60BE21F82F39D90B005D56DA /* Images.xcassets in Resources */ = {isa = PBXBuildFile; fileRef = 60BE21F72F39D90B005D56DA /* Images.xcassets */; };
		60BE21F92F39D90B005D56DA /* Images.xcassets in Resources */ = {isa = PBXBuildFile; fileRef = 60BE21F72F39D90B005D56DA /* Images.xcassets */; };
		60BE21FB2F39E01D005D56DA /* Images.xcassets in Resources */ = {isa = PBXBuildFile; fileRef = 60BE21FA2F39E01D005D56DA /* Images.xcassets */; };
		60BE220C2F39E041005D56DA /* AddDevice.json in Resources */ = {isa = PBXBuildFile; fileRef = 60BE21FC2F39E041005D56DA /* AddDevice.json */; };
		60BE220D2F39E041005D56DA /* JAHelpType.json in Resources */ = {isa = PBXBuildFile; fileRef = 60BE22052F39E041005D56DA /* JAHelpType.json */; };
		60BE220E2F39E041005D56DA /* JAAddDeviceKindsTwo.json in Resources */ = {isa = PBXBuildFile; fileRef = 60BE22012F39E041005D56DA /* JAAddDeviceKindsTwo.json */; };
		60BE220F2F39E041005D56DA /* JAConnectHelp.json in Resources */ = {isa = PBXBuildFile; fileRef = 60BE22032F39E041005D56DA /* JAConnectHelp.json */; };
		60BE22102F39E041005D56DA /* index.json in Resources */ = {isa = PBXBuildFile; fileRef = 60BE21FE2F39E041005D56DA /* index.json */; };
		60BE22112F39E041005D56DA /* Cloud.json in Resources */ = {isa = PBXBuildFile; fileRef = 60BE21FD2F39E041005D56DA /* Cloud.json */; };
		60BE22122F39E041005D56DA /* me.json in Resources */ = {isa = PBXBuildFile; fileRef = 60BE22092F39E041005D56DA /* me.json */; };
		60BE22132F39E041005D56DA /* JAAddDeviceKinds.json in Resources */ = {isa = PBXBuildFile; fileRef = 60BE22002F39E041005D56DA /* JAAddDeviceKinds.json */; };
		60BE22142F39E041005D56DA /* JANewAddDeviceKindsTwo.json in Resources */ = {isa = PBXBuildFile; fileRef = 60BE22062F39E041005D56DA /* JANewAddDeviceKindsTwo.json */; };
		60BE22152F39E041005D56DA /* PreviewPlayback.json in Resources */ = {isa = PBXBuildFile; fileRef = 60BE220A2F39E041005D56DA /* PreviewPlayback.json */; };
		60BE22162F39E041005D56DA /* JAAddDeviceHelp.json in Resources */ = {isa = PBXBuildFile; fileRef = 60BE21FF2F39E041005D56DA /* JAAddDeviceHelp.json */; };
		60BE22172F39E041005D56DA /* LoginRegisterForgot.json in Resources */ = {isa = PBXBuildFile; fileRef = 60BE22082F39E041005D56DA /* LoginRegisterForgot.json */; };
		60BE22182F39E041005D56DA /* JAHelp.json in Resources */ = {isa = PBXBuildFile; fileRef = 60BE22042F39E041005D56DA /* JAHelp.json */; };
		60BE22192F39E041005D56DA /* JANewDayLightTable.plist in Resources */ = {isa = PBXBuildFile; fileRef = 60BE22072F39E041005D56DA /* JANewDayLightTable.plist */; };
		60BE221A2F39E041005D56DA /* JAAddDeviceType.json in Resources */ = {isa = PBXBuildFile; fileRef = 60BE22022F39E041005D56DA /* JAAddDeviceType.json */; };
		60BE221C2F39E06E005D56DA /* MBProgressHUDStatus.bundle in Resources */ = {isa = PBXBuildFile; fileRef = 60BE221B2F39E06E005D56DA /* MBProgressHUDStatus.bundle */; };
		60BE221E2F39E71A005D56DA /* General.json in Resources */ = {isa = PBXBuildFile; fileRef = 60BE221D2F39E71A005D56DA /* General.json */; };
		6D4AB1D7CB55DE0ACC8D8E90 /* GoogleService-Info.plist in Resources */ = {isa = PBXBuildFile; fileRef = 3B46626CEC15F95F39E9D0E6 /* GoogleService-Info.plist */; };
		74858FAF1ED2DC5600515810 /* AppDelegate.swift in Sources */ = {isa = PBXBuildFile; fileRef = 74858FAE1ED2DC5600515810 /* AppDelegate.swift */; };
		97C146FC1CF9000F007C117D /* Main.storyboard in Resources */ = {isa = PBXBuildFile; fileRef = 97C146FA1CF9000F007C117D /* Main.storyboard */; };
		97C146FE1CF9000F007C117D /* Assets.xcassets in Resources */ = {isa = PBXBuildFile; fileRef = 97C146FD1CF9000F007C117D /* Assets.xcassets */; };
		97C147011CF9000F007C117D /* LaunchScreen.storyboard in Resources */ = {isa = PBXBuildFile; fileRef = 97C146FF1CF9000F007C117D /* LaunchScreen.storyboard */; };
		E80C67A75CE7A094A9951BEC /* Pods_RunnerTests.framework in Frameworks */ = {isa = PBXBuildFile; fileRef = 45E4D0097D09DD3384EF58F2 /* Pods_RunnerTests.framework */; };
		JACPLG001A2B3C4D5E6F7890 /* JACameraPlugin.swift in Sources */ = {isa = PBXBuildFile; fileRef = JACPLGF001A2B3C4D5E6F789 /* JACameraPlugin.swift */; };
		JACVFT001A2B3C4D5E6F7890 /* JACameraViewFactory.swift in Sources */ = {isa = PBXBuildFile; fileRef = JACVFTF001A2B3C4D5E6F789 /* JACameraViewFactory.swift */; };
		JACWRP001A2B3C4D5E6F7890 /* JACameraWrapper.m in Sources */ = {isa = PBXBuildFile; fileRef = JACWRPF001A2B3C4D5E6F789 /* JACameraWrapper.m */; };
/* End PBXBuildFile section */

/* Begin PBXContainerItemProxy section */
		331C8085294A63A400263BE5 /* PBXContainerItemProxy */ = {
			isa = PBXContainerItemProxy;
			containerPortal = 97C146E61CF9000F007C117D /* Project object */;
			proxyType = 1;
			remoteGlobalIDString = 97C146ED1CF9000F007C117D;
			remoteInfo = Runner;
		};
/* End PBXContainerItemProxy section */

/* Begin PBXCopyFilesBuildPhase section */
		9705A1C41CF9048500538489 /* Embed Frameworks */ = {
			isa = PBXCopyFilesBuildPhase;
			buildActionMask = 2147483647;
			dstPath = "";
			dstSubfolderSpec = 10;
			files = (
			);
			name = "Embed Frameworks";
			runOnlyForDeploymentPostprocessing = 0;
		};
/* End PBXCopyFilesBuildPhase section */

/* Begin PBXFileReference section */
		059D757C21EF1AA1C8DFD814 /* Pods-RunnerTests.debug.xcconfig */ = {isa = PBXFileReference; includeInIndex = 1; lastKnownFileType = text.xcconfig; name = "Pods-RunnerTests.debug.xcconfig"; path = "Target Support Files/Pods-RunnerTests/Pods-RunnerTests.debug.xcconfig"; sourceTree = "<group>"; };
		1498D2321E8E86230040F4C2 /* GeneratedPluginRegistrant.h */ = {isa = PBXFileReference; lastKnownFileType = sourcecode.c.h; path = GeneratedPluginRegistrant.h; sourceTree = "<group>"; };
		1498D2331E8E89220040F4C2 /* GeneratedPluginRegistrant.m */ = {isa = PBXFileReference; fileEncoding = 4; lastKnownFileType = sourcecode.c.objc; path = GeneratedPluginRegistrant.m; sourceTree = "<group>"; };
		2345CA572EC4AD090794DEE6 /* Pods-Runner.release.xcconfig */ = {isa = PBXFileReference; includeInIndex = 1; lastKnownFileType = text.xcconfig; name = "Pods-Runner.release.xcconfig"; path = "Target Support Files/Pods-Runner/Pods-Runner.release.xcconfig"; sourceTree = "<group>"; };
		331C807B294A618700263BE5 /* RunnerTests.swift */ = {isa = PBXFileReference; lastKnownFileType = sourcecode.swift; path = RunnerTests.swift; sourceTree = "<group>"; };
		331C8081294A63A400263BE5 /* RunnerTests.xctest */ = {isa = PBXFileReference; explicitFileType = wrapper.cfbundle; includeInIndex = 0; path = RunnerTests.xctest; sourceTree = BUILT_PRODUCTS_DIR; };
		34F832EB1F8430B7BB7D0EFB /* Pods-RunnerTests.release.xcconfig */ = {isa = PBXFileReference; includeInIndex = 1; lastKnownFileType = text.xcconfig; name = "Pods-RunnerTests.release.xcconfig"; path = "Target Support Files/Pods-RunnerTests/Pods-RunnerTests.release.xcconfig"; sourceTree = "<group>"; };
		3841C30285D77D784451D843 /* Pods-RunnerTests.profile.xcconfig */ = {isa = PBXFileReference; includeInIndex = 1; lastKnownFileType = text.xcconfig; name = "Pods-RunnerTests.profile.xcconfig"; path = "Target Support Files/Pods-RunnerTests/Pods-RunnerTests.profile.xcconfig"; sourceTree = "<group>"; };
		3B3967151E833CAA004F5970 /* AppFrameworkInfo.plist */ = {isa = PBXFileReference; fileEncoding = 4; lastKnownFileType = text.plist.xml; name = AppFrameworkInfo.plist; path = Flutter/AppFrameworkInfo.plist; sourceTree = "<group>"; };
		3B46626CEC15F95F39E9D0E6 /* GoogleService-Info.plist */ = {isa = PBXFileReference; includeInIndex = 1; lastKnownFileType = text.plist.xml; name = "GoogleService-Info.plist"; path = "Runner/GoogleService-Info.plist"; sourceTree = "<group>"; };
		45E4D0097D09DD3384EF58F2 /* Pods_RunnerTests.framework */ = {isa = PBXFileReference; explicitFileType = wrapper.framework; includeInIndex = 0; path = Pods_RunnerTests.framework; sourceTree = BUILT_PRODUCTS_DIR; };
		60BE21C62F39D84B005D56DA /* AddDevice.json */ = {isa = PBXFileReference; lastKnownFileType = text.json; path = AddDevice.json; sourceTree = "<group>"; };
		60BE21C72F39D84B005D56DA /* Cloud.json */ = {isa = PBXFileReference; lastKnownFileType = text.json; path = Cloud.json; sourceTree = "<group>"; };
		60BE21C82F39D84B005D56DA /* index.json */ = {isa = PBXFileReference; lastKnownFileType = text.json; path = index.json; sourceTree = "<group>"; };
		60BE21C92F39D84B005D56DA /* JAAddDeviceHelp.json */ = {isa = PBXFileReference; lastKnownFileType = text.json; path = JAAddDeviceHelp.json; sourceTree = "<group>"; };
		60BE21CA2F39D84B005D56DA /* JAAddDeviceKinds.json */ = {isa = PBXFileReference; lastKnownFileType = text.json; path = JAAddDeviceKinds.json; sourceTree = "<group>"; };
		60BE21CB2F39D84B005D56DA /* JAAddDeviceKindsTwo.json */ = {isa = PBXFileReference; lastKnownFileType = text.json; path = JAAddDeviceKindsTwo.json; sourceTree = "<group>"; };
		60BE21CC2F39D84B005D56DA /* JAAddDeviceType.json */ = {isa = PBXFileReference; lastKnownFileType = text.json; path = JAAddDeviceType.json; sourceTree = "<group>"; };
		60BE21CD2F39D84B005D56DA /* JAConnectHelp.json */ = {isa = PBXFileReference; lastKnownFileType = text.json; path = JAConnectHelp.json; sourceTree = "<group>"; };
		60BE21CE2F39D84B005D56DA /* JAHelp.json */ = {isa = PBXFileReference; lastKnownFileType = text.json; path = JAHelp.json; sourceTree = "<group>"; };
		60BE21CF2F39D84B005D56DA /* JAHelpType.json */ = {isa = PBXFileReference; lastKnownFileType = text.json; path = JAHelpType.json; sourceTree = "<group>"; };
		60BE21D02F39D84B005D56DA /* JANewAddDeviceKindsTwo.json */ = {isa = PBXFileReference; lastKnownFileType = text.json; path = JANewAddDeviceKindsTwo.json; sourceTree = "<group>"; };
		60BE21D12F39D84B005D56DA /* JANewDayLightTable.plist */ = {isa = PBXFileReference; lastKnownFileType = text.plist.xml; path = JANewDayLightTable.plist; sourceTree = "<group>"; };
		60BE21D22F39D84B005D56DA /* LoginRegisterForgot.json */ = {isa = PBXFileReference; lastKnownFileType = text.json; path = LoginRegisterForgot.json; sourceTree = "<group>"; };
		60BE21D32F39D84B005D56DA /* me.json */ = {isa = PBXFileReference; lastKnownFileType = text.json; path = me.json; sourceTree = "<group>"; };
		60BE21D42F39D84B005D56DA /* PreviewPlayback.json */ = {isa = PBXFileReference; lastKnownFileType = text.json; path = PreviewPlayback.json; sourceTree = "<group>"; };
		60BE21F42F39D8BF005D56DA /* MBProgressHUDStatus.bundle */ = {isa = PBXFileReference; lastKnownFileType = "wrapper.plug-in"; name = MBProgressHUDStatus.bundle; path = "/Users/jaykeer/AndroidStudioProjects/Godrej Home/JAJUANSDKDemo/JAJUANSDKDemo/JASDK/Third/MBProgressHUD/MBProgressHUDStatus.bundle"; sourceTree = "<absolute>"; };
		60BE21F72F39D90B005D56DA /* Images.xcassets */ = {isa = PBXFileReference; lastKnownFileType = folder.assetcatalog; name = Images.xcassets; path = "/Users/jaykeer/AndroidStudioProjects/Godrej Home/JAJUANSDKDemo/JAJUANSDKDemo/JASDK/JAResources/Images/Images.xcassets"; sourceTree = "<absolute>"; };
		60BE21FA2F39E01D005D56DA /* Images.xcassets */ = {isa = PBXFileReference; lastKnownFileType = folder.assetcatalog; name = Images.xcassets; path = "/Users/jaykeer/AndroidStudioProjects/Godrej Home/JAJUANSDKDemo/JAJUANSDKDemo/JASDK/JAResources/Images/Images.xcassets"; sourceTree = "<absolute>"; };
		60BE21FC2F39E041005D56DA /* AddDevice.json */ = {isa = PBXFileReference; lastKnownFileType = text.json; path = AddDevice.json; sourceTree = "<group>"; };
		60BE21FD2F39E041005D56DA /* Cloud.json */ = {isa = PBXFileReference; lastKnownFileType = text.json; path = Cloud.json; sourceTree = "<group>"; };
		60BE21FE2F39E041005D56DA /* index.json */ = {isa = PBXFileReference; lastKnownFileType = text.json; path = index.json; sourceTree = "<group>"; };
		60BE21FF2F39E041005D56DA /* JAAddDeviceHelp.json */ = {isa = PBXFileReference; lastKnownFileType = text.json; path = JAAddDeviceHelp.json; sourceTree = "<group>"; };
		60BE22002F39E041005D56DA /* JAAddDeviceKinds.json */ = {isa = PBXFileReference; lastKnownFileType = text.json; path = JAAddDeviceKinds.json; sourceTree = "<group>"; };
		60BE22012F39E041005D56DA /* JAAddDeviceKindsTwo.json */ = {isa = PBXFileReference; lastKnownFileType = text.json; path = JAAddDeviceKindsTwo.json; sourceTree = "<group>"; };
		60BE22022F39E041005D56DA /* JAAddDeviceType.json */ = {isa = PBXFileReference; lastKnownFileType = text.json; path = JAAddDeviceType.json; sourceTree = "<group>"; };
		60BE22032F39E041005D56DA /* JAConnectHelp.json */ = {isa = PBXFileReference; lastKnownFileType = text.json; path = JAConnectHelp.json; sourceTree = "<group>"; };
		60BE22042F39E041005D56DA /* JAHelp.json */ = {isa = PBXFileReference; lastKnownFileType = text.json; path = JAHelp.json; sourceTree = "<group>"; };
		60BE22052F39E041005D56DA /* JAHelpType.json */ = {isa = PBXFileReference; lastKnownFileType = text.json; path = JAHelpType.json; sourceTree = "<group>"; };
		60BE22062F39E041005D56DA /* JANewAddDeviceKindsTwo.json */ = {isa = PBXFileReference; lastKnownFileType = text.json; path = JANewAddDeviceKindsTwo.json; sourceTree = "<group>"; };
		60BE22072F39E041005D56DA /* JANewDayLightTable.plist */ = {isa = PBXFileReference; lastKnownFileType = text.plist.xml; path = JANewDayLightTable.plist; sourceTree = "<group>"; };
		60BE22082F39E041005D56DA /* LoginRegisterForgot.json */ = {isa = PBXFileReference; lastKnownFileType = text.json; path = LoginRegisterForgot.json; sourceTree = "<group>"; };
		60BE22092F39E041005D56DA /* me.json */ = {isa = PBXFileReference; lastKnownFileType = text.json; path = me.json; sourceTree = "<group>"; };
		60BE220A2F39E041005D56DA /* PreviewPlayback.json */ = {isa = PBXFileReference; lastKnownFileType = text.json; path = PreviewPlayback.json; sourceTree = "<group>"; };
		60BE221B2F39E06E005D56DA /* MBProgressHUDStatus.bundle */ = {isa = PBXFileReference; lastKnownFileType = "wrapper.plug-in"; name = MBProgressHUDStatus.bundle; path = "/Users/jaykeer/AndroidStudioProjects/Godrej Home/JAJUANSDKDemo/JAJUANSDKDemo/JASDK/Third/MBProgressHUD/MBProgressHUDStatus.bundle"; sourceTree = "<absolute>"; };
		60BE221D2F39E71A005D56DA /* General.json */ = {isa = PBXFileReference; lastKnownFileType = text.json; name = General.json; path = ../../../../../godrej_home/ios/Runner/JASDK/JAODM/ODMInfoFile/General.json; sourceTree = "<group>"; };
		643D112D8EF17A832154D433 /* Pods-Runner.debug.xcconfig */ = {isa = PBXFileReference; includeInIndex = 1; lastKnownFileType = text.xcconfig; name = "Pods-Runner.debug.xcconfig"; path = "Target Support Files/Pods-Runner/Pods-Runner.debug.xcconfig"; sourceTree = "<group>"; };
		74858FAD1ED2DC5600515810 /* Runner-Bridging-Header.h */ = {isa = PBXFileReference; lastKnownFileType = sourcecode.c.h; path = "Runner-Bridging-Header.h"; sourceTree = "<group>"; };
		74858FAE1ED2DC5600515810 /* AppDelegate.swift */ = {isa = PBXFileReference; fileEncoding = 4; lastKnownFileType = sourcecode.swift; path = AppDelegate.swift; sourceTree = "<group>"; };
		7AFA3C8E1D35360C0083082E /* Release.xcconfig */ = {isa = PBXFileReference; lastKnownFileType = text.xcconfig; name = Release.xcconfig; path = Flutter/Release.xcconfig; sourceTree = "<group>"; };
		9740EEB21CF90195004384FC /* Debug.xcconfig */ = {isa = PBXFileReference; fileEncoding = 4; lastKnownFileType = text.xcconfig; name = Debug.xcconfig; path = Flutter/Debug.xcconfig; sourceTree = "<group>"; };
		9740EEB31CF90195004384FC /* Generated.xcconfig */ = {isa = PBXFileReference; fileEncoding = 4; lastKnownFileType = text.xcconfig; name = Generated.xcconfig; path = Flutter/Generated.xcconfig; sourceTree = "<group>"; };
		97C146EE1CF9000F007C117D /* Runner.app */ = {isa = PBXFileReference; explicitFileType = wrapper.application; includeInIndex = 0; path = Runner.app; sourceTree = BUILT_PRODUCTS_DIR; };
		97C146FB1CF9000F007C117D /* Base */ = {isa = PBXFileReference; lastKnownFileType = file.storyboard; name = Base; path = Base.lproj/Main.storyboard; sourceTree = "<group>"; };
		97C146FD1CF9000F007C117D /* Assets.xcassets */ = {isa = PBXFileReference; lastKnownFileType = folder.assetcatalog; path = Assets.xcassets; sourceTree = "<group>"; };
		97C147001CF9000F007C117D /* Base */ = {isa = PBXFileReference; lastKnownFileType = file.storyboard; name = Base; path = Base.lproj/LaunchScreen.storyboard; sourceTree = "<group>"; };
		97C147021CF9000F007C117D /* Info.plist */ = {isa = PBXFileReference; lastKnownFileType = text.plist.xml; path = Info.plist; sourceTree = "<group>"; };
		BC527821BD5178C81E563BDE /* Pods-Runner.profile.xcconfig */ = {isa = PBXFileReference; includeInIndex = 1; lastKnownFileType = text.xcconfig; name = "Pods-Runner.profile.xcconfig"; path = "Target Support Files/Pods-Runner/Pods-Runner.profile.xcconfig"; sourceTree = "<group>"; };
		D495A07D94319A92FAF1C197 /* Pods_Runner.framework */ = {isa = PBXFileReference; explicitFileType = wrapper.framework; includeInIndex = 0; path = Pods_Runner.framework; sourceTree = BUILT_PRODUCTS_DIR; };
		JACPLGF001A2B3C4D5E6F789 /* JACameraPlugin.swift */ = {isa = PBXFileReference; lastKnownFileType = sourcecode.swift; path = JACameraPlugin.swift; sourceTree = "<group>"; };
		JACVFTF001A2B3C4D5E6F789 /* JACameraViewFactory.swift */ = {isa = PBXFileReference; lastKnownFileType = sourcecode.swift; path = JACameraViewFactory.swift; sourceTree = "<group>"; };
		JACWRPF001A2B3C4D5E6F789 /* JACameraWrapper.m */ = {isa = PBXFileReference; lastKnownFileType = sourcecode.c.objc; path = JACameraWrapper.m; sourceTree = "<group>"; };
		JACWRPH001A2B3C4D5E6F789 /* JACameraWrapper.h */ = {isa = PBXFileReference; lastKnownFileType = sourcecode.c.h; path = JACameraWrapper.h; sourceTree = "<group>"; };
/* End PBXFileReference section */

/* Begin PBXFrameworksBuildPhase section */
		88CE4BDE6EC9CA29EEDC8519 /* Frameworks */ = {
			isa = PBXFrameworksBuildPhase;
			buildActionMask = 2147483647;
			files = (
				E80C67A75CE7A094A9951BEC /* Pods_RunnerTests.framework in Frameworks */,
			);
			runOnlyForDeploymentPostprocessing = 0;
		};
		97C146EB1CF9000F007C117D /* Frameworks */ = {
			isa = PBXFrameworksBuildPhase;
			buildActionMask = 2147483647;
			files = (
				0FE9C8F6B53221445A9655E3 /* Pods_Runner.framework in Frameworks */,
			);
			runOnlyForDeploymentPostprocessing = 0;
		};
/* End PBXFrameworksBuildPhase section */

/* Begin PBXGroup section */
		331C8082294A63A400263BE5 /* RunnerTests */ = {
			isa = PBXGroup;
			children = (
				331C807B294A618700263BE5 /* RunnerTests.swift */,
			);
			path = RunnerTests;
			sourceTree = "<group>";
		};
		5D49427A418FDE9A1B09A131 /* Pods */ = {
			isa = PBXGroup;
			children = (
				643D112D8EF17A832154D433 /* Pods-Runner.debug.xcconfig */,
				2345CA572EC4AD090794DEE6 /* Pods-Runner.release.xcconfig */,
				BC527821BD5178C81E563BDE /* Pods-Runner.profile.xcconfig */,
				059D757C21EF1AA1C8DFD814 /* Pods-RunnerTests.debug.xcconfig */,
				34F832EB1F8430B7BB7D0EFB /* Pods-RunnerTests.release.xcconfig */,
				3841C30285D77D784451D843 /* Pods-RunnerTests.profile.xcconfig */,
			);
			path = Pods;
			sourceTree = "<group>";
		};
		60BE21D52F39D84B005D56DA /* ODMInfoFile */ = {
			isa = PBXGroup;
			children = (
				60BE21C62F39D84B005D56DA /* AddDevice.json */,
				60BE21C72F39D84B005D56DA /* Cloud.json */,
				60BE21C82F39D84B005D56DA /* index.json */,
				60BE21C92F39D84B005D56DA /* JAAddDeviceHelp.json */,
				60BE21CA2F39D84B005D56DA /* JAAddDeviceKinds.json */,
				60BE21CB2F39D84B005D56DA /* JAAddDeviceKindsTwo.json */,
				60BE21CC2F39D84B005D56DA /* JAAddDeviceType.json */,
				60BE21CD2F39D84B005D56DA /* JAConnectHelp.json */,
				60BE21CE2F39D84B005D56DA /* JAHelp.json */,
				60BE21CF2F39D84B005D56DA /* JAHelpType.json */,
				60BE21D02F39D84B005D56DA /* JANewAddDeviceKindsTwo.json */,
				60BE21D12F39D84B005D56DA /* JANewDayLightTable.plist */,
				60BE21D22F39D84B005D56DA /* LoginRegisterForgot.json */,
				60BE21D32F39D84B005D56DA /* me.json */,
				60BE21D42F39D84B005D56DA /* PreviewPlayback.json */,
			);
			name = ODMInfoFile;
			path = "/Users/jaykeer/AndroidStudioProjects/Godrej Home/JAJUANSDKDemo/JAJUANSDKDemo/JASDK/JAODM/ODMInfoFile";
			sourceTree = "<absolute>";
		};
		60BE220B2F39E041005D56DA /* ODMInfoFile */ = {
			isa = PBXGroup;
			children = (
				60BE221D2F39E71A005D56DA /* General.json */,
				60BE21FC2F39E041005D56DA /* AddDevice.json */,
				60BE21FD2F39E041005D56DA /* Cloud.json */,
				60BE21FE2F39E041005D56DA /* index.json */,
				60BE21FF2F39E041005D56DA /* JAAddDeviceHelp.json */,
				60BE22002F39E041005D56DA /* JAAddDeviceKinds.json */,
				60BE22012F39E041005D56DA /* JAAddDeviceKindsTwo.json */,
				60BE22022F39E041005D56DA /* JAAddDeviceType.json */,
				60BE22032F39E041005D56DA /* JAConnectHelp.json */,
				60BE22042F39E041005D56DA /* JAHelp.json */,
				60BE22052F39E041005D56DA /* JAHelpType.json */,
				60BE22062F39E041005D56DA /* JANewAddDeviceKindsTwo.json */,
				60BE22072F39E041005D56DA /* JANewDayLightTable.plist */,
				60BE22082F39E041005D56DA /* LoginRegisterForgot.json */,
				60BE22092F39E041005D56DA /* me.json */,
				60BE220A2F39E041005D56DA /* PreviewPlayback.json */,
			);
			name = ODMInfoFile;
			path = "/Users/jaykeer/AndroidStudioProjects/Godrej Home/JAJUANSDKDemo/JAJUANSDKDemo/JASDK/JAODM/ODMInfoFile";
			sourceTree = "<absolute>";
		};
		9740EEB11CF90186004384FC /* Flutter */ = {
			isa = PBXGroup;
			children = (
				3B3967151E833CAA004F5970 /* AppFrameworkInfo.plist */,
				9740EEB21CF90195004384FC /* Debug.xcconfig */,
				7AFA3C8E1D35360C0083082E /* Release.xcconfig */,
				9740EEB31CF90195004384FC /* Generated.xcconfig */,
			);
			name = Flutter;
			sourceTree = "<group>";
		};
		97C146E51CF9000F007C117D = {
			isa = PBXGroup;
			children = (
				60BE21F72F39D90B005D56DA /* Images.xcassets */,
				60BE21F42F39D8BF005D56DA /* MBProgressHUDStatus.bundle */,
				60BE21D52F39D84B005D56DA /* ODMInfoFile */,
				9740EEB11CF90186004384FC /* Flutter */,
				97C146F01CF9000F007C117D /* Runner */,
				97C146EF1CF9000F007C117D /* Products */,
				331C8082294A63A400263BE5 /* RunnerTests */,
				3B46626CEC15F95F39E9D0E6 /* GoogleService-Info.plist */,
				5D49427A418FDE9A1B09A131 /* Pods */,
				A65D351DFADE827FEFB6E20E /* Frameworks */,
			);
			sourceTree = "<group>";
		};
		97C146EF1CF9000F007C117D /* Products */ = {
			isa = PBXGroup;
			children = (
				97C146EE1CF9000F007C117D /* Runner.app */,
				331C8081294A63A400263BE5 /* RunnerTests.xctest */,
			);
			name = Products;
			sourceTree = "<group>";
		};
		97C146F01CF9000F007C117D /* Runner */ = {
			isa = PBXGroup;
			children = (
				60BE221B2F39E06E005D56DA /* MBProgressHUDStatus.bundle */,
				60BE220B2F39E041005D56DA /* ODMInfoFile */,
				60BE21FA2F39E01D005D56DA /* Images.xcassets */,
				97C146FA1CF9000F007C117D /* Main.storyboard */,
				97C146FD1CF9000F007C117D /* Assets.xcassets */,
				97C146FF1CF9000F007C117D /* LaunchScreen.storyboard */,
				97C147021CF9000F007C117D /* Info.plist */,
				1498D2321E8E86230040F4C2 /* GeneratedPluginRegistrant.h */,
				1498D2331E8E89220040F4C2 /* GeneratedPluginRegistrant.m */,
				74858FAE1ED2DC5600515810 /* AppDelegate.swift */,
				74858FAD1ED2DC5600515810 /* Runner-Bridging-Header.h */,
				JACPLGF001A2B3C4D5E6F789 /* JACameraPlugin.swift */,
				JACVFTF001A2B3C4D5E6F789 /* JACameraViewFactory.swift */,
				JACWRPH001A2B3C4D5E6F789 /* JACameraWrapper.h */,
				JACWRPF001A2B3C4D5E6F789 /* JACameraWrapper.m */,
			);
			path = Runner;
			sourceTree = "<group>";
		};
		A65D351DFADE827FEFB6E20E /* Frameworks */ = {
			isa = PBXGroup;
			children = (
				D495A07D94319A92FAF1C197 /* Pods_Runner.framework */,
				45E4D0097D09DD3384EF58F2 /* Pods_RunnerTests.framework */,
			);
			name = Frameworks;
			sourceTree = "<group>";
		};
/* End PBXGroup section */

/* Begin PBXNativeTarget section */
		331C8080294A63A400263BE5 /* RunnerTests */ = {
			isa = PBXNativeTarget;
			buildConfigurationList = 331C8087294A63A400263BE5 /* Build configuration list for PBXNativeTarget "RunnerTests" */;
			buildPhases = (
				E9F1306B9D9BF29F4AABDAAA /* [CP] Check Pods Manifest.lock */,
				331C807D294A63A400263BE5 /* Sources */,
				331C807F294A63A400263BE5 /* Resources */,
				88CE4BDE6EC9CA29EEDC8519 /* Frameworks */,
			);
			buildRules = (
			);
			dependencies = (
				331C8086294A63A400263BE5 /* PBXTargetDependency */,
			);
			name = RunnerTests;
			productName = RunnerTests;
			productReference = 331C8081294A63A400263BE5 /* RunnerTests.xctest */;
			productType = "com.apple.product-type.bundle.unit-test";
		};
		97C146ED1CF9000F007C117D /* Runner */ = {
			isa = PBXNativeTarget;
			buildConfigurationList = 97C147051CF9000F007C117D /* Build configuration list for PBXNativeTarget "Runner" */;
			buildPhases = (
				239817824AB42B6B8FCCEEBE /* [CP] Check Pods Manifest.lock */,
				9740EEB61CF901F6004384FC /* Run Script */,
				97C146EA1CF9000F007C117D /* Sources */,
				97C146EB1CF9000F007C117D /* Frameworks */,
				97C146EC1CF9000F007C117D /* Resources */,
				9705A1C41CF9048500538489 /* Embed Frameworks */,
				3B06AD1E1E4923F5004D2608 /* Thin Binary */,
				C702FFDFC5C9C3A5563F93D9 /* [CP] Embed Pods Frameworks */,
				E35D387A82FE84AE69C37642 /* [CP] Copy Pods Resources */,
			);
			buildRules = (
			);
			dependencies = (
			);
			name = Runner;
			productName = Runner;
			productReference = 97C146EE1CF9000F007C117D /* Runner.app */;
			productType = "com.apple.product-type.application";
		};
/* End PBXNativeTarget section */

/* Begin PBXProject section */
		97C146E61CF9000F007C117D /* Project object */ = {
			isa = PBXProject;
			attributes = {
				BuildIndependentTargetsInParallel = YES;
				LastUpgradeCheck = 1510;
				ORGANIZATIONNAME = "";
				TargetAttributes = {
					331C8080294A63A400263BE5 = {
						CreatedOnToolsVersion = 14.0;
						TestTargetID = 97C146ED1CF9000F007C117D;
					};
					97C146ED1CF9000F007C117D = {
						CreatedOnToolsVersion = 7.3.1;
						LastSwiftMigration = 1100;
					};
				};
			};
			buildConfigurationList = 97C146E91CF9000F007C117D /* Build configuration list for PBXProject "Runner" */;
			compatibilityVersion = "Xcode 9.3";
			developmentRegion = en;
			hasScannedForEncodings = 0;
			knownRegions = (
				en,
				Base,
			);
			mainGroup = 97C146E51CF9000F007C117D;
			productRefGroup = 97C146EF1CF9000F007C117D /* Products */;
			projectDirPath = "";
			projectRoot = "";
			targets = (
				97C146ED1CF9000F007C117D /* Runner */,
				331C8080294A63A400263BE5 /* RunnerTests */,
			);
		};
/* End PBXProject section */

/* Begin PBXResourcesBuildPhase section */
		331C807F294A63A400263BE5 /* Resources */ = {
			isa = PBXResourcesBuildPhase;
			buildActionMask = 2147483647;
			files = (
				60BE21D62F39D84B005D56DA /* Cloud.json in Resources */,
				60BE21D72F39D84B005D56DA /* JAAddDeviceKindsTwo.json in Resources */,
				60BE21D82F39D84B005D56DA /* PreviewPlayback.json in Resources */,
				60BE21D92F39D84B005D56DA /* JANewAddDeviceKindsTwo.json in Resources */,
				60BE21DA2F39D84B005D56DA /* JAAddDeviceType.json in Resources */,
				60BE21DB2F39D84B005D56DA /* AddDevice.json in Resources */,
				60BE21DC2F39D84B005D56DA /* LoginRegisterForgot.json in Resources */,
				60BE21DD2F39D84B005D56DA /* JAConnectHelp.json in Resources */,
				60BE21DE2F39D84B005D56DA /* JAHelpType.json in Resources */,
				60BE21DF2F39D84B005D56DA /* index.json in Resources */,
				60BE21E02F39D84B005D56DA /* JAAddDeviceHelp.json in Resources */,
				60BE21F92F39D90B005D56DA /* Images.xcassets in Resources */,
				60BE21F62F39D8BF005D56DA /* MBProgressHUDStatus.bundle in Resources */,
				60BE21E12F39D84B005D56DA /* JAHelp.json in Resources */,
				60BE21E22F39D84B005D56DA /* JANewDayLightTable.plist in Resources */,
				60BE21E32F39D84B005D56DA /* JAAddDeviceKinds.json in Resources */,
				60BE21E42F39D84B005D56DA /* me.json in Resources */,
			);
			runOnlyForDeploymentPostprocessing = 0;
		};
		97C146EC1CF9000F007C117D /* Resources */ = {
			isa = PBXResourcesBuildPhase;
			buildActionMask = 2147483647;
			files = (
				97C147011CF9000F007C117D /* LaunchScreen.storyboard in Resources */,
				60BE21FB2F39E01D005D56DA /* Images.xcassets in Resources */,
				60BE221E2F39E71A005D56DA /* General.json in Resources */,
				3B3967161E833CAA004F5970 /* AppFrameworkInfo.plist in Resources */,
				60BE21F52F39D8BF005D56DA /* MBProgressHUDStatus.bundle in Resources */,
				97C146FE1CF9000F007C117D /* Assets.xcassets in Resources */,
				97C146FC1CF9000F007C117D /* Main.storyboard in Resources */,
				60BE21E52F39D84B005D56DA /* Cloud.json in Resources */,
				60BE21E62F39D84B005D56DA /* JAAddDeviceKindsTwo.json in Resources */,
				60BE221C2F39E06E005D56DA /* MBProgressHUDStatus.bundle in Resources */,
				60BE220C2F39E041005D56DA /* AddDevice.json in Resources */,
				60BE220D2F39E041005D56DA /* JAHelpType.json in Resources */,
				60BE220E2F39E041005D56DA /* JAAddDeviceKindsTwo.json in Resources */,
				60BE220F2F39E041005D56DA /* JAConnectHelp.json in Resources */,
				60BE22102F39E041005D56DA /* index.json in Resources */,
				60BE22112F39E041005D56DA /* Cloud.json in Resources */,
				60BE22122F39E041005D56DA /* me.json in Resources */,
				60BE22132F39E041005D56DA /* JAAddDeviceKinds.json in Resources */,
				60BE22142F39E041005D56DA /* JANewAddDeviceKindsTwo.json in Resources */,
				60BE22152F39E041005D56DA /* PreviewPlayback.json in Resources */,
				60BE22162F39E041005D56DA /* JAAddDeviceHelp.json in Resources */,
				60BE22172F39E041005D56DA /* LoginRegisterForgot.json in Resources */,
				60BE22182F39E041005D56DA /* JAHelp.json in Resources */,
				60BE22192F39E041005D56DA /* JANewDayLightTable.plist in Resources */,
				60BE221A2F39E041005D56DA /* JAAddDeviceType.json in Resources */,
				60BE21E72F39D84B005D56DA /* PreviewPlayback.json in Resources */,
				60BE21E82F39D84B005D56DA /* JANewAddDeviceKindsTwo.json in Resources */,
				60BE21E92F39D84B005D56DA /* JAAddDeviceType.json in Resources */,
				60BE21EA2F39D84B005D56DA /* AddDevice.json in Resources */,
				60BE21EB2F39D84B005D56DA /* LoginRegisterForgot.json in Resources */,
				60BE21EC2F39D84B005D56DA /* JAConnectHelp.json in Resources */,
				60BE21ED2F39D84B005D56DA /* JAHelpType.json in Resources */,
				60BE21EE2F39D84B005D56DA /* index.json in Resources */,
				60BE21F82F39D90B005D56DA /* Images.xcassets in Resources */,
				60BE21EF2F39D84B005D56DA /* JAAddDeviceHelp.json in Resources */,
				60BE21F02F39D84B005D56DA /* JAHelp.json in Resources */,
				60BE21F12F39D84B005D56DA /* JANewDayLightTable.plist in Resources */,
				60BE21F22F39D84B005D56DA /* JAAddDeviceKinds.json in Resources */,
				60BE21F32F39D84B005D56DA /* me.json in Resources */,
				6D4AB1D7CB55DE0ACC8D8E90 /* GoogleService-Info.plist in Resources */,
			);
			runOnlyForDeploymentPostprocessing = 0;
		};
/* End PBXResourcesBuildPhase section */

/* Begin PBXShellScriptBuildPhase section */
		239817824AB42B6B8FCCEEBE /* [CP] Check Pods Manifest.lock */ = {
			isa = PBXShellScriptBuildPhase;
			buildActionMask = 2147483647;
			files = (
			);
			inputFileListPaths = (
			);
			inputPaths = (
				"${PODS_PODFILE_DIR_PATH}/Podfile.lock",
				"${PODS_ROOT}/Manifest.lock",
			);
			name = "[CP] Check Pods Manifest.lock";
			outputFileListPaths = (
			);
			outputPaths = (
				"$(DERIVED_FILE_DIR)/Pods-Runner-checkManifestLockResult.txt",
			);
			runOnlyForDeploymentPostprocessing = 0;
			shellPath = /bin/sh;
			shellScript = "diff \"${PODS_PODFILE_DIR_PATH}/Podfile.lock\" \"${PODS_ROOT}/Manifest.lock\" > /dev/null\nif [ $? != 0 ] ; then\n    # print error to STDERR\n    echo \"error: The sandbox is not in sync with the Podfile.lock. Run 'pod install' or update your CocoaPods installation.\" >&2\n    exit 1\nfi\n# This output is used by Xcode 'outputs' to avoid re-running this script phase.\necho \"SUCCESS\" > \"${SCRIPT_OUTPUT_FILE_0}\"\n";
			showEnvVarsInLog = 0;
		};
		3B06AD1E1E4923F5004D2608 /* Thin Binary */ = {
			isa = PBXShellScriptBuildPhase;
			alwaysOutOfDate = 1;
			buildActionMask = 2147483647;
			files = (
			);
			inputPaths = (
				"${TARGET_BUILD_DIR}/${INFOPLIST_PATH}",
			);
			name = "Thin Binary";
			outputPaths = (
			);
			runOnlyForDeploymentPostprocessing = 0;
			shellPath = /bin/sh;
			shellScript = "/bin/sh \"$FLUTTER_ROOT/packages/flutter_tools/bin/xcode_backend.sh\" embed_and_thin";
		};
		9740EEB61CF901F6004384FC /* Run Script */ = {
			isa = PBXShellScriptBuildPhase;
			alwaysOutOfDate = 1;
			buildActionMask = 2147483647;
			files = (
			);
			inputPaths = (
			);
			name = "Run Script";
			outputPaths = (
			);
			runOnlyForDeploymentPostprocessing = 0;
			shellPath = /bin/sh;
			shellScript = "/bin/sh \"$FLUTTER_ROOT/packages/flutter_tools/bin/xcode_backend.sh\" build";
		};
		C702FFDFC5C9C3A5563F93D9 /* [CP] Embed Pods Frameworks */ = {
			isa = PBXShellScriptBuildPhase;
			buildActionMask = 2147483647;
			files = (
			);
			inputFileListPaths = (
				"${PODS_ROOT}/Target Support Files/Pods-Runner/Pods-Runner-frameworks-${CONFIGURATION}-input-files.xcfilelist",
			);
			name = "[CP] Embed Pods Frameworks";
			outputFileListPaths = (
				"${PODS_ROOT}/Target Support Files/Pods-Runner/Pods-Runner-frameworks-${CONFIGURATION}-output-files.xcfilelist",
			);
			runOnlyForDeploymentPostprocessing = 0;
			shellPath = /bin/sh;
			shellScript = "\"${PODS_ROOT}/Target Support Files/Pods-Runner/Pods-Runner-frameworks.sh\"\n";
			showEnvVarsInLog = 0;
		};
		E35D387A82FE84AE69C37642 /* [CP] Copy Pods Resources */ = {
			isa = PBXShellScriptBuildPhase;
			buildActionMask = 2147483647;
			files = (
			);
			inputFileListPaths = (
				"${PODS_ROOT}/Target Support Files/Pods-Runner/Pods-Runner-resources-${CONFIGURATION}-input-files.xcfilelist",
			);
			name = "[CP] Copy Pods Resources";
			outputFileListPaths = (
				"${PODS_ROOT}/Target Support Files/Pods-Runner/Pods-Runner-resources-${CONFIGURATION}-output-files.xcfilelist",
			);
			runOnlyForDeploymentPostprocessing = 0;
			shellPath = /bin/sh;
			shellScript = "\"${PODS_ROOT}/Target Support Files/Pods-Runner/Pods-Runner-resources.sh\"\n";
			showEnvVarsInLog = 0;
		};
		E9F1306B9D9BF29F4AABDAAA /* [CP] Check Pods Manifest.lock */ = {
			isa = PBXShellScriptBuildPhase;
			buildActionMask = 2147483647;
			files = (
			);
			inputFileListPaths = (
			);
			inputPaths = (
				"${PODS_PODFILE_DIR_PATH}/Podfile.lock",
				"${PODS_ROOT}/Manifest.lock",
			);
			name = "[CP] Check Pods Manifest.lock";
			outputFileListPaths = (
			);
			outputPaths = (
				"$(DERIVED_FILE_DIR)/Pods-RunnerTests-checkManifestLockResult.txt",
			);
			runOnlyForDeploymentPostprocessing = 0;
			shellPath = /bin/sh;
			shellScript = "diff \"${PODS_PODFILE_DIR_PATH}/Podfile.lock\" \"${PODS_ROOT}/Manifest.lock\" > /dev/null\nif [ $? != 0 ] ; then\n    # print error to STDERR\n    echo \"error: The sandbox is not in sync with the Podfile.lock. Run 'pod install' or update your CocoaPods installation.\" >&2\n    exit 1\nfi\n# This output is used by Xcode 'outputs' to avoid re-running this script phase.\necho \"SUCCESS\" > \"${SCRIPT_OUTPUT_FILE_0}\"\n";
			showEnvVarsInLog = 0;
		};
/* End PBXShellScriptBuildPhase section */

/* Begin PBXSourcesBuildPhase section */
		331C807D294A63A400263BE5 /* Sources */ = {
			isa = PBXSourcesBuildPhase;
			buildActionMask = 2147483647;
			files = (
				331C808B294A63AB00263BE5 /* RunnerTests.swift in Sources */,
			);
			runOnlyForDeploymentPostprocessing = 0;
		};
		97C146EA1CF9000F007C117D /* Sources */ = {
			isa = PBXSourcesBuildPhase;
			buildActionMask = 2147483647;
			files = (
				74858FAF1ED2DC5600515810 /* AppDelegate.swift in Sources */,
				1498D2341E8E89220040F4C2 /* GeneratedPluginRegistrant.m in Sources */,
				JACPLG001A2B3C4D5E6F7890 /* JACameraPlugin.swift in Sources */,
				JACVFT001A2B3C4D5E6F7890 /* JACameraViewFactory.swift in Sources */,
				JACWRP001A2B3C4D5E6F7890 /* JACameraWrapper.m in Sources */,
			);
			runOnlyForDeploymentPostprocessing = 0;
		};
/* End PBXSourcesBuildPhase section */

/* Begin PBXTargetDependency section */
		331C8086294A63A400263BE5 /* PBXTargetDependency */ = {
			isa = PBXTargetDependency;
			target = 97C146ED1CF9000F007C117D /* Runner */;
			targetProxy = 331C8085294A63A400263BE5 /* PBXContainerItemProxy */;
		};
/* End PBXTargetDependency section */

/* Begin PBXVariantGroup section */
		97C146FA1CF9000F007C117D /* Main.storyboard */ = {
			isa = PBXVariantGroup;
			children = (
				97C146FB1CF9000F007C117D /* Base */,
			);
			name = Main.storyboard;
			sourceTree = "<group>";
		};
		97C146FF1CF9000F007C117D /* LaunchScreen.storyboard */ = {
			isa = PBXVariantGroup;
			children = (
				97C147001CF9000F007C117D /* Base */,
			);
			name = LaunchScreen.storyboard;
			sourceTree = "<group>";
		};
/* End PBXVariantGroup section */

/* Begin XCBuildConfiguration section */
		249021D3217E4FDB00AE95B9 /* Profile */ = {
			isa = XCBuildConfiguration;
			buildSettings = {
				ALWAYS_SEARCH_USER_PATHS = NO;
				ASSETCATALOG_COMPILER_GENERATE_SWIFT_ASSET_SYMBOL_EXTENSIONS = YES;
				CLANG_ANALYZER_NONNULL = YES;
				CLANG_CXX_LANGUAGE_STANDARD = "gnu++0x";
				CLANG_CXX_LIBRARY = "libc++";
				CLANG_ENABLE_MODULES = YES;
				CLANG_ENABLE_OBJC_ARC = YES;
				CLANG_WARN_BLOCK_CAPTURE_AUTORELEASING = YES;
				CLANG_WARN_BOOL_CONVERSION = YES;
				CLANG_WARN_COMMA = YES;
				CLANG_WARN_CONSTANT_CONVERSION = YES;
				CLANG_WARN_DEPRECATED_OBJC_IMPLEMENTATIONS = YES;
				CLANG_WARN_DIRECT_OBJC_ISA_USAGE = YES_ERROR;
				CLANG_WARN_EMPTY_BODY = YES;
				CLANG_WARN_ENUM_CONVERSION = YES;
				CLANG_WARN_INFINITE_RECURSION = YES;
				CLANG_WARN_INT_CONVERSION = YES;
				CLANG_WARN_NON_LITERAL_NULL_CONVERSION = YES;
				CLANG_WARN_OBJC_IMPLICIT_RETAIN_SELF = YES;
				CLANG_WARN_OBJC_LITERAL_CONVERSION = YES;
				CLANG_WARN_OBJC_ROOT_CLASS = YES_ERROR;
				CLANG_WARN_RANGE_LOOP_ANALYSIS = YES;
				CLANG_WARN_STRICT_PROTOTYPES = YES;
				CLANG_WARN_SUSPICIOUS_MOVE = YES;
				CLANG_WARN_UNREACHABLE_CODE = YES;
				CLANG_WARN__DUPLICATE_METHOD_MATCH = YES;
				"CODE_SIGN_IDENTITY[sdk=iphoneos*]" = "iPhone Developer";
				COPY_PHASE_STRIP = NO;
				DEBUG_INFORMATION_FORMAT = "dwarf-with-dsym";
				ENABLE_NS_ASSERTIONS = NO;
				ENABLE_STRICT_OBJC_MSGSEND = YES;
				ENABLE_USER_SCRIPT_SANDBOXING = NO;
				GCC_C_LANGUAGE_STANDARD = gnu99;
				GCC_NO_COMMON_BLOCKS = YES;
				GCC_WARN_64_TO_32_BIT_CONVERSION = YES;
				GCC_WARN_ABOUT_RETURN_TYPE = YES_ERROR;
				GCC_WARN_UNDECLARED_SELECTOR = YES;
				GCC_WARN_UNINITIALIZED_AUTOS = YES_AGGRESSIVE;
				GCC_WARN_UNUSED_FUNCTION = YES;
				GCC_WARN_UNUSED_VARIABLE = YES;
				IPHONEOS_DEPLOYMENT_TARGET = 13.0;
				MTL_ENABLE_DEBUG_INFO = NO;
				SDKROOT = iphoneos;
				SUPPORTED_PLATFORMS = iphoneos;
				TARGETED_DEVICE_FAMILY = "1,2";
				VALIDATE_PRODUCT = YES;
			};
			name = Profile;
		};
		249021D4217E4FDB00AE95B9 /* Profile */ = {
			isa = XCBuildConfiguration;
			baseConfigurationReference = 7AFA3C8E1D35360C0083082E /* Release.xcconfig */;
			buildSettings = {
				ASSETCATALOG_COMPILER_APPICON_NAME = AppIcon;
				CLANG_ENABLE_MODULES = YES;
				CURRENT_PROJECT_VERSION = "$(FLUTTER_BUILD_NUMBER)";
				DEVELOPMENT_TEAM = H3HPR8KNJB;
				ENABLE_BITCODE = NO;
				HEADER_SEARCH_PATHS = (
					"$(inherited)",
					"$(SRCROOT)/Runner/JASDK/JAHeader",
					"$(SRCROOT)/Runner/JASDK/JACategory",
					"$(SRCROOT)/Runner/JASDK/JAMedia",
					"$(SRCROOT)/Runner/JASDK/JAMedia/JUAN",
					"$(SRCROOT)/Runner/JASDK/JAMedia/JUAN/include",
					"$(SRCROOT)/Runner/JASDK/JAMedia/JUAN/include/curl",
					"$(SRCROOT)/Runner/JASDK/JAMedia/ffmpeg",
					"$(SRCROOT)/Runner/JASDK/JAMedia/ffmpeg/include",
					"$(SRCROOT)/Runner/JASDK/JAMedia/ffmpeg/x264",
					"$(SRCROOT)/Runner/JASDK/JAMedia/ffmpeg/x264/include",
					"$(SRCROOT)/Runner/JASDK/JAMedia/RTMP",
					"$(SRCROOT)/Runner/JASDK/JAMedia/RTMP/include",
					"$(SRCROOT)/Runner/JASDK/JAMedia/RTMP/include/librtmp",
					"$(SRCROOT)/Runner/JASDK/JAODM",
					"$(SRCROOT)/Runner/JASDK/JAODM/JAODMModel",
					"$(SRCROOT)/Runner/JASDK/JAODM/JAODMModel/AddDeviceInfo",
					"$(SRCROOT)/Runner/JASDK/JAODM/JAODMModel/Help",
					"$(SRCROOT)/Runner/JASDK/JAODM/JAODMModel/JAODMAddDevice",
					"$(SRCROOT)/Runner/JASDK/JAODM/JAODMModel/JAODMCloud",
					"$(SRCROOT)/Runner/JASDK/JAODM/JAODMModel/JAODMDevicePlayer",
					"$(SRCROOT)/Runner/JASDK/JAODM/JAODMModel/JAODMDevicesList",
					"$(SRCROOT)/Runner/JASDK/JAODM/JAODMModel/JAODMGeneral",
					"$(SRCROOT)/Runner/JASDK/JAODM/JAODMModel/JAODMLoginRegister",
					"$(SRCROOT)/Runner/JASDK/JAODM/JAODMModel/JAODMPersonal",
					"$(SRCROOT)/Runner/JASDK/JAResources",
					"$(SRCROOT)/Runner/JASDK/JAResources/LanguagesString",
					"$(SRCROOT)/Runner/JASDK/JAResources/XLanguage",
					"$(SRCROOT)/Runner/JASDK/Third",
					"$(SRCROOT)/Runner/JASDK/Third/Masonry",
					"$(SRCROOT)/Runner/JASDK/Third/AFNetworking",
					"$(SRCROOT)/Runner/JASDK/Third/AFNetworking/AFNetworking",
					"$(SRCROOT)/Runner/JASDK/Third/AFNetworking/UIKit+AFNetworking",
					"$(SRCROOT)/Runner/JASDK/Third/SDWebImage",
					"$(SRCROOT)/Runner/JASDK/Third/SDWebImage/Core",
					"$(SRCROOT)/Runner/JASDK/Third/SDWebImage/Private",
					"$(SRCROOT)/Runner/JASDK/Third/SDWebImage/include",
					"$(SRCROOT)/Runner/JASDK/Third/SDWebImage/include/SDWebImage",
					"$(SRCROOT)/Runner/JASDK/Third/MJExtension",
					"$(SRCROOT)/Runner/JASDK/Third/MBProgressHUD",
				);
				INFOPLIST_FILE = Runner/Info.plist;
				LD_RUNPATH_SEARCH_PATHS = (
					"$(inherited)",
					"@executable_path/Frameworks",
				);
				LIBRARY_SEARCH_PATHS = (
					"$(inherited)",
					"$(SRCROOT)/Runner/JASDK",
					"$(SRCROOT)/Runner/JASDK/JAMedia/ffmpeg",
					"$(SRCROOT)/Runner/JASDK/JAMedia/ffmpeg/x264/lib",
					"$(SRCROOT)/Runner/JASDK/JAMedia/JUAN/lib",
					"$(SRCROOT)/Runner/JASDK/JAMedia/RTMP/lib",
				);
				OTHER_LDFLAGS = (
					"$(inherited)",
					"-ObjC",
					"-dead_strip",
					"-Wl,-ld_classic",
					"-lz",
					"-liconv",
					"-lc++",
					"-lbz2",
					"-lJAJUANKit",
					"-lavcodec",
					"-lavformat",
					"-lavutil",
					"-lavdevice",
					"-lavfilter",
					"-lswresample",
					"-lswscale",
					"-lcrypto",
					"-lssl",
					"-lx264",
					"-lEseeSDK",
					"-lP2PSDKClient_static",
					"-lIOTLink_static",
					"-lFastUdx2",
					"-ljnnat",
					"-lIOTCAPIs_ALL",
					"-lIOTCAPIs_ALLT",
					"-lkdp_static",
					"-larq_static",
					"-lcurl",
					"-lxml2",
					"-ltinyxml",
					"-lopencore-amrnb",
					"-lrtmp",
					"-framework",
					CoreMotion,
					"-framework",
					AVFoundation,
					"-framework",
					VideoToolbox,
					"-framework",
					OpenGLES,
					"-framework",
					OpenAL,
					"-framework",
					AudioToolbox,
					"-framework",
					CoreMedia,
					"-framework",
					CoreVideo,
					"-framework",
					Security,
					"-framework",
					SystemConfiguration,
					"-framework",
					CFNetwork,
				);
				PRODUCT_BUNDLE_IDENTIFIER = com.gnb.godrejHome;
				PRODUCT_NAME = "$(TARGET_NAME)";
				SWIFT_OBJC_BRIDGING_HEADER = "Runner/Runner-Bridging-Header.h";
				SWIFT_VERSION = 5.0;
				VERSIONING_SYSTEM = "apple-generic";
			};
			name = Profile;
		};
		331C8088294A63A400263BE5 /* Debug */ = {
			isa = XCBuildConfiguration;
			baseConfigurationReference = 059D757C21EF1AA1C8DFD814 /* Pods-RunnerTests.debug.xcconfig */;
			buildSettings = {
				BUNDLE_LOADER = "$(TEST_HOST)";
				CODE_SIGN_STYLE = Automatic;
				CURRENT_PROJECT_VERSION = 1;
				GENERATE_INFOPLIST_FILE = YES;
				MARKETING_VERSION = 1.0;
				PRODUCT_BUNDLE_IDENTIFIER = com.gnb.godrejHome.RunnerTests;
				PRODUCT_NAME = "$(TARGET_NAME)";
				SWIFT_ACTIVE_COMPILATION_CONDITIONS = DEBUG;
				SWIFT_OPTIMIZATION_LEVEL = "-Onone";
				SWIFT_VERSION = 5.0;
				TEST_HOST = "$(BUILT_PRODUCTS_DIR)/Runner.app/$(BUNDLE_EXECUTABLE_FOLDER_PATH)/Runner";
			};
			name = Debug;
		};
		331C8089294A63A400263BE5 /* Release */ = {
			isa = XCBuildConfiguration;
			baseConfigurationReference = 34F832EB1F8430B7BB7D0EFB /* Pods-RunnerTests.release.xcconfig */;
			buildSettings = {
				BUNDLE_LOADER = "$(TEST_HOST)";
				CODE_SIGN_STYLE = Automatic;
				CURRENT_PROJECT_VERSION = 1;
				GENERATE_INFOPLIST_FILE = YES;
				MARKETING_VERSION = 1.0;
				PRODUCT_BUNDLE_IDENTIFIER = com.gnb.godrejHome.RunnerTests;
				PRODUCT_NAME = "$(TARGET_NAME)";
				SWIFT_VERSION = 5.0;
				TEST_HOST = "$(BUILT_PRODUCTS_DIR)/Runner.app/$(BUNDLE_EXECUTABLE_FOLDER_PATH)/Runner";
			};
			name = Release;
		};
		331C808A294A63A400263BE5 /* Profile */ = {
			isa = XCBuildConfiguration;
			baseConfigurationReference = 3841C30285D77D784451D843 /* Pods-RunnerTests.profile.xcconfig */;
			buildSettings = {
				BUNDLE_LOADER = "$(TEST_HOST)";
				CODE_SIGN_STYLE = Automatic;
				CURRENT_PROJECT_VERSION = 1;
				GENERATE_INFOPLIST_FILE = YES;
				MARKETING_VERSION = 1.0;
				PRODUCT_BUNDLE_IDENTIFIER = com.gnb.godrejHome.RunnerTests;
				PRODUCT_NAME = "$(TARGET_NAME)";
				SWIFT_VERSION = 5.0;
				TEST_HOST = "$(BUILT_PRODUCTS_DIR)/Runner.app/$(BUNDLE_EXECUTABLE_FOLDER_PATH)/Runner";
			};
			name = Profile;
		};
		97C147031CF9000F007C117D /* Debug */ = {
			isa = XCBuildConfiguration;
			buildSettings = {
				ALWAYS_SEARCH_USER_PATHS = NO;
				ASSETCATALOG_COMPILER_GENERATE_SWIFT_ASSET_SYMBOL_EXTENSIONS = YES;
				CLANG_ANALYZER_NONNULL = YES;
				CLANG_CXX_LANGUAGE_STANDARD = "gnu++0x";
				CLANG_CXX_LIBRARY = "libc++";
				CLANG_ENABLE_MODULES = YES;
				CLANG_ENABLE_OBJC_ARC = YES;
				CLANG_WARN_BLOCK_CAPTURE_AUTORELEASING = YES;
				CLANG_WARN_BOOL_CONVERSION = YES;
				CLANG_WARN_COMMA = YES;
				CLANG_WARN_CONSTANT_CONVERSION = YES;
				CLANG_WARN_DEPRECATED_OBJC_IMPLEMENTATIONS = YES;
				CLANG_WARN_DIRECT_OBJC_ISA_USAGE = YES_ERROR;
				CLANG_WARN_EMPTY_BODY = YES;
				CLANG_WARN_ENUM_CONVERSION = YES;
				CLANG_WARN_INFINITE_RECURSION = YES;
				CLANG_WARN_INT_CONVERSION = YES;
				CLANG_WARN_NON_LITERAL_NULL_CONVERSION = YES;
				CLANG_WARN_OBJC_IMPLICIT_RETAIN_SELF = YES;
				CLANG_WARN_OBJC_LITERAL_CONVERSION = YES;
				CLANG_WARN_OBJC_ROOT_CLASS = YES_ERROR;
				CLANG_WARN_RANGE_LOOP_ANALYSIS = YES;
				CLANG_WARN_STRICT_PROTOTYPES = YES;
				CLANG_WARN_SUSPICIOUS_MOVE = YES;
				CLANG_WARN_UNREACHABLE_CODE = YES;
				CLANG_WARN__DUPLICATE_METHOD_MATCH = YES;
				"CODE_SIGN_IDENTITY[sdk=iphoneos*]" = "iPhone Developer";
				COPY_PHASE_STRIP = NO;
				DEBUG_INFORMATION_FORMAT = dwarf;
				ENABLE_STRICT_OBJC_MSGSEND = YES;
				ENABLE_TESTABILITY = YES;
				ENABLE_USER_SCRIPT_SANDBOXING = NO;
				GCC_C_LANGUAGE_STANDARD = gnu99;
				GCC_DYNAMIC_NO_PIC = NO;
				GCC_NO_COMMON_BLOCKS = YES;
				GCC_OPTIMIZATION_LEVEL = 0;
				GCC_PREPROCESSOR_DEFINITIONS = (
					"DEBUG=1",
					"$(inherited)",
				);
				GCC_WARN_64_TO_32_BIT_CONVERSION = YES;
				GCC_WARN_ABOUT_RETURN_TYPE = YES_ERROR;
				GCC_WARN_UNDECLARED_SELECTOR = YES;
				GCC_WARN_UNINITIALIZED_AUTOS = YES_AGGRESSIVE;
				GCC_WARN_UNUSED_FUNCTION = YES;
				GCC_WARN_UNUSED_VARIABLE = YES;
				IPHONEOS_DEPLOYMENT_TARGET = 13.0;
				MTL_ENABLE_DEBUG_INFO = YES;
				ONLY_ACTIVE_ARCH = YES;
				SDKROOT = iphoneos;
				TARGETED_DEVICE_FAMILY = "1,2";
			};
			name = Debug;
		};
		97C147041CF9000F007C117D /* Release */ = {
			isa = XCBuildConfiguration;
			buildSettings = {
				ALWAYS_SEARCH_USER_PATHS = NO;
				ASSETCATALOG_COMPILER_GENERATE_SWIFT_ASSET_SYMBOL_EXTENSIONS = YES;
				CLANG_ANALYZER_NONNULL = YES;
				CLANG_CXX_LANGUAGE_STANDARD = "gnu++0x";
				CLANG_CXX_LIBRARY = "libc++";
				CLANG_ENABLE_MODULES = YES;
				CLANG_ENABLE_OBJC_ARC = YES;
				CLANG_WARN_BLOCK_CAPTURE_AUTORELEASING = YES;
				CLANG_WARN_BOOL_CONVERSION = YES;
				CLANG_WARN_COMMA = YES;
				CLANG_WARN_CONSTANT_CONVERSION = YES;
				CLANG_WARN_DEPRECATED_OBJC_IMPLEMENTATIONS = YES;
				CLANG_WARN_DIRECT_OBJC_ISA_USAGE = YES_ERROR;
				CLANG_WARN_EMPTY_BODY = YES;
				CLANG_WARN_ENUM_CONVERSION = YES;
				CLANG_WARN_INFINITE_RECURSION = YES;
				CLANG_WARN_INT_CONVERSION = YES;
				CLANG_WARN_NON_LITERAL_NULL_CONVERSION = YES;
				CLANG_WARN_OBJC_IMPLICIT_RETAIN_SELF = YES;
				CLANG_WARN_OBJC_LITERAL_CONVERSION = YES;
				CLANG_WARN_OBJC_ROOT_CLASS = YES_ERROR;
				CLANG_WARN_RANGE_LOOP_ANALYSIS = YES;
				CLANG_WARN_STRICT_PROTOTYPES = YES;
				CLANG_WARN_SUSPICIOUS_MOVE = YES;
				CLANG_WARN_UNREACHABLE_CODE = YES;
				CLANG_WARN__DUPLICATE_METHOD_MATCH = YES;
				"CODE_SIGN_IDENTITY[sdk=iphoneos*]" = "iPhone Developer";
				COPY_PHASE_STRIP = NO;
				DEBUG_INFORMATION_FORMAT = "dwarf-with-dsym";
				ENABLE_NS_ASSERTIONS = NO;
				ENABLE_STRICT_OBJC_MSGSEND = YES;
				ENABLE_USER_SCRIPT_SANDBOXING = NO;
				GCC_C_LANGUAGE_STANDARD = gnu99;
				GCC_NO_COMMON_BLOCKS = YES;
				GCC_WARN_64_TO_32_BIT_CONVERSION = YES;
				GCC_WARN_ABOUT_RETURN_TYPE = YES_ERROR;
				GCC_WARN_UNDECLARED_SELECTOR = YES;
				GCC_WARN_UNINITIALIZED_AUTOS = YES_AGGRESSIVE;
				GCC_WARN_UNUSED_FUNCTION = YES;
				GCC_WARN_UNUSED_VARIABLE = YES;
				IPHONEOS_DEPLOYMENT_TARGET = 13.0;
				MTL_ENABLE_DEBUG_INFO = NO;
				SDKROOT = iphoneos;
				SUPPORTED_PLATFORMS = iphoneos;
				SWIFT_COMPILATION_MODE = wholemodule;
				SWIFT_OPTIMIZATION_LEVEL = "-O";
				TARGETED_DEVICE_FAMILY = "1,2";
				VALIDATE_PRODUCT = YES;
			};
			name = Release;
		};
		97C147061CF9000F007C117D /* Debug */ = {
			isa = XCBuildConfiguration;
			baseConfigurationReference = 9740EEB21CF90195004384FC /* Debug.xcconfig */;
			buildSettings = {
				ASSETCATALOG_COMPILER_APPICON_NAME = AppIcon;
				CLANG_ENABLE_MODULES = YES;
				CURRENT_PROJECT_VERSION = "$(FLUTTER_BUILD_NUMBER)";
				DEVELOPMENT_TEAM = H3HPR8KNJB;
				ENABLE_BITCODE = NO;
				HEADER_SEARCH_PATHS = (
					"$(inherited)",
					"$(SRCROOT)/Runner/JASDK/JAHeader",
					"$(SRCROOT)/Runner/JASDK/JACategory",
					"$(SRCROOT)/Runner/JASDK/JAMedia",
					"$(SRCROOT)/Runner/JASDK/JAMedia/JUAN",
					"$(SRCROOT)/Runner/JASDK/JAMedia/JUAN/include",
					"$(SRCROOT)/Runner/JASDK/JAMedia/JUAN/include/curl",
					"$(SRCROOT)/Runner/JASDK/JAMedia/ffmpeg",
					"$(SRCROOT)/Runner/JASDK/JAMedia/ffmpeg/include",
					"$(SRCROOT)/Runner/JASDK/JAMedia/ffmpeg/x264",
					"$(SRCROOT)/Runner/JASDK/JAMedia/ffmpeg/x264/include",
					"$(SRCROOT)/Runner/JASDK/JAMedia/RTMP",
					"$(SRCROOT)/Runner/JASDK/JAMedia/RTMP/include",
					"$(SRCROOT)/Runner/JASDK/JAMedia/RTMP/include/librtmp",
					"$(SRCROOT)/Runner/JASDK/JAODM",
					"$(SRCROOT)/Runner/JASDK/JAODM/JAODMModel",
					"$(SRCROOT)/Runner/JASDK/JAODM/JAODMModel/AddDeviceInfo",
					"$(SRCROOT)/Runner/JASDK/JAODM/JAODMModel/Help",
					"$(SRCROOT)/Runner/JASDK/JAODM/JAODMModel/JAODMAddDevice",
					"$(SRCROOT)/Runner/JASDK/JAODM/JAODMModel/JAODMCloud",
					"$(SRCROOT)/Runner/JASDK/JAODM/JAODMModel/JAODMDevicePlayer",
					"$(SRCROOT)/Runner/JASDK/JAODM/JAODMModel/JAODMDevicesList",
					"$(SRCROOT)/Runner/JASDK/JAODM/JAODMModel/JAODMGeneral",
					"$(SRCROOT)/Runner/JASDK/JAODM/JAODMModel/JAODMLoginRegister",
					"$(SRCROOT)/Runner/JASDK/JAODM/JAODMModel/JAODMPersonal",
					"$(SRCROOT)/Runner/JASDK/JAResources",
					"$(SRCROOT)/Runner/JASDK/JAResources/LanguagesString",
					"$(SRCROOT)/Runner/JASDK/JAResources/XLanguage",
					"$(SRCROOT)/Runner/JASDK/Third",
					"$(SRCROOT)/Runner/JASDK/Third/Masonry",
					"$(SRCROOT)/Runner/JASDK/Third/AFNetworking",
					"$(SRCROOT)/Runner/JASDK/Third/AFNetworking/AFNetworking",
					"$(SRCROOT)/Runner/JASDK/Third/AFNetworking/UIKit+AFNetworking",
					"$(SRCROOT)/Runner/JASDK/Third/SDWebImage",
					"$(SRCROOT)/Runner/JASDK/Third/SDWebImage/Core",
					"$(SRCROOT)/Runner/JASDK/Third/SDWebImage/Private",
					"$(SRCROOT)/Runner/JASDK/Third/SDWebImage/include",
					"$(SRCROOT)/Runner/JASDK/Third/SDWebImage/include/SDWebImage",
					"$(SRCROOT)/Runner/JASDK/Third/MJExtension",
					"$(SRCROOT)/Runner/JASDK/Third/MBProgressHUD",
				);
				INFOPLIST_FILE = Runner/Info.plist;
				LD_RUNPATH_SEARCH_PATHS = (
					"$(inherited)",
					"@executable_path/Frameworks",
				);
				LIBRARY_SEARCH_PATHS = (
					"$(inherited)",
					"$(SRCROOT)/Runner/JASDK",
					"$(SRCROOT)/Runner/JASDK/JAMedia/ffmpeg",
					"$(SRCROOT)/Runner/JASDK/JAMedia/ffmpeg/x264/lib",
					"$(SRCROOT)/Runner/JASDK/JAMedia/JUAN/lib",
					"$(SRCROOT)/Runner/JASDK/JAMedia/RTMP/lib",
				);
				OTHER_LDFLAGS = (
					"$(inherited)",
					"-ObjC",
					"-dead_strip",
					"-Wl,-ld_classic",
					"-lz",
					"-liconv",
					"-lc++",
					"-lbz2",
					"-lJAJUANKit",
					"-lavcodec",
					"-lavformat",
					"-lavutil",
					"-lavdevice",
					"-lavfilter",
					"-lswresample",
					"-lswscale",
					"-lcrypto",
					"-lssl",
					"-lx264",
					"-lEseeSDK",
					"-lP2PSDKClient_static",
					"-lIOTLink_static",
					"-lFastUdx2",
					"-ljnnat",
					"-lIOTCAPIs_ALL",
					"-lIOTCAPIs_ALLT",
					"-lkdp_static",
					"-larq_static",
					"-lcurl",
					"-lxml2",
					"-ltinyxml",
					"-lopencore-amrnb",
					"-lrtmp",
					"-framework",
					CoreMotion,
					"-framework",
					AVFoundation,
					"-framework",
					VideoToolbox,
					"-framework",
					OpenGLES,
					"-framework",
					OpenAL,
					"-framework",
					AudioToolbox,
					"-framework",
					CoreMedia,
					"-framework",
					CoreVideo,
					"-framework",
					Security,
					"-framework",
					SystemConfiguration,
					"-framework",
					CFNetwork,
				);
				PRODUCT_BUNDLE_IDENTIFIER = com.gnb.godrejHome;
				PRODUCT_NAME = "$(TARGET_NAME)";
				SWIFT_OBJC_BRIDGING_HEADER = "Runner/Runner-Bridging-Header.h";
				SWIFT_OPTIMIZATION_LEVEL = "-Onone";
				SWIFT_VERSION = 5.0;
				VERSIONING_SYSTEM = "apple-generic";
			};
			name = Debug;
		};
		97C147071CF9000F007C117D /* Release */ = {
			isa = XCBuildConfiguration;
			baseConfigurationReference = 7AFA3C8E1D35360C0083082E /* Release.xcconfig */;
			buildSettings = {
				ASSETCATALOG_COMPILER_APPICON_NAME = AppIcon;
				CLANG_ENABLE_MODULES = YES;
				CURRENT_PROJECT_VERSION = "$(FLUTTER_BUILD_NUMBER)";
				DEVELOPMENT_TEAM = H3HPR8KNJB;
				ENABLE_BITCODE = NO;
				HEADER_SEARCH_PATHS = (
					"$(inherited)",
					"$(SRCROOT)/Runner/JASDK/JAHeader",
					"$(SRCROOT)/Runner/JASDK/JACategory",
					"$(SRCROOT)/Runner/JASDK/JAMedia",
					"$(SRCROOT)/Runner/JASDK/JAMedia/JUAN",
					"$(SRCROOT)/Runner/JASDK/JAMedia/JUAN/include",
					"$(SRCROOT)/Runner/JASDK/JAMedia/JUAN/include/curl",
					"$(SRCROOT)/Runner/JASDK/JAMedia/ffmpeg",
					"$(SRCROOT)/Runner/JASDK/JAMedia/ffmpeg/include",
					"$(SRCROOT)/Runner/JASDK/JAMedia/ffmpeg/x264",
					"$(SRCROOT)/Runner/JASDK/JAMedia/ffmpeg/x264/include",
					"$(SRCROOT)/Runner/JASDK/JAMedia/RTMP",
					"$(SRCROOT)/Runner/JASDK/JAMedia/RTMP/include",
					"$(SRCROOT)/Runner/JASDK/JAMedia/RTMP/include/librtmp",
					"$(SRCROOT)/Runner/JASDK/JAODM",
					"$(SRCROOT)/Runner/JASDK/JAODM/JAODMModel",
					"$(SRCROOT)/Runner/JASDK/JAODM/JAODMModel/AddDeviceInfo",
					"$(SRCROOT)/Runner/JASDK/JAODM/JAODMModel/Help",
					"$(SRCROOT)/Runner/JASDK/JAODM/JAODMModel/JAODMAddDevice",
					"$(SRCROOT)/Runner/JASDK/JAODM/JAODMModel/JAODMCloud",
					"$(SRCROOT)/Runner/JASDK/JAODM/JAODMModel/JAODMDevicePlayer",
					"$(SRCROOT)/Runner/JASDK/JAODM/JAODMModel/JAODMDevicesList",
					"$(SRCROOT)/Runner/JASDK/JAODM/JAODMModel/JAODMGeneral",
					"$(SRCROOT)/Runner/JASDK/JAODM/JAODMModel/JAODMLoginRegister",
					"$(SRCROOT)/Runner/JASDK/JAODM/JAODMModel/JAODMPersonal",
					"$(SRCROOT)/Runner/JASDK/JAResources",
					"$(SRCROOT)/Runner/JASDK/JAResources/LanguagesString",
					"$(SRCROOT)/Runner/JASDK/JAResources/XLanguage",
					"$(SRCROOT)/Runner/JASDK/Third",
					"$(SRCROOT)/Runner/JASDK/Third/Masonry",
					"$(SRCROOT)/Runner/JASDK/Third/AFNetworking",
					"$(SRCROOT)/Runner/JASDK/Third/AFNetworking/AFNetworking",
					"$(SRCROOT)/Runner/JASDK/Third/AFNetworking/UIKit+AFNetworking",
					"$(SRCROOT)/Runner/JASDK/Third/SDWebImage",
					"$(SRCROOT)/Runner/JASDK/Third/SDWebImage/Core",
					"$(SRCROOT)/Runner/JASDK/Third/SDWebImage/Private",
					"$(SRCROOT)/Runner/JASDK/Third/SDWebImage/include",
					"$(SRCROOT)/Runner/JASDK/Third/SDWebImage/include/SDWebImage",
					"$(SRCROOT)/Runner/JASDK/Third/MJExtension",
					"$(SRCROOT)/Runner/JASDK/Third/MBProgressHUD",
				);
				INFOPLIST_FILE = Runner/Info.plist;
				LD_RUNPATH_SEARCH_PATHS = (
					"$(inherited)",
					"@executable_path/Frameworks",
				);
				LIBRARY_SEARCH_PATHS = (
					"$(inherited)",
					"$(SRCROOT)/Runner/JASDK",
					"$(SRCROOT)/Runner/JASDK/JAMedia/ffmpeg",
					"$(SRCROOT)/Runner/JASDK/JAMedia/ffmpeg/x264/lib",
					"$(SRCROOT)/Runner/JASDK/JAMedia/JUAN/lib",
					"$(SRCROOT)/Runner/JASDK/JAMedia/RTMP/lib",
				);
				OTHER_LDFLAGS = (
					"$(inherited)",
					"-ObjC",
					"-dead_strip",
					"-Wl,-ld_classic",
					"-lz",
					"-liconv",
					"-lc++",
					"-lbz2",
					"-lJAJUANKit",
					"-lavcodec",
					"-lavformat",
					"-lavutil",
					"-lavdevice",
					"-lavfilter",
					"-lswresample",
					"-lswscale",
					"-lcrypto",
					"-lssl",
					"-lx264",
					"-lEseeSDK",
					"-lP2PSDKClient_static",
					"-lIOTLink_static",
					"-lFastUdx2",
					"-ljnnat",
					"-lIOTCAPIs_ALL",
					"-lIOTCAPIs_ALLT",
					"-lkdp_static",
					"-larq_static",
					"-lcurl",
					"-lxml2",
					"-ltinyxml",
					"-lopencore-amrnb",
					"-lrtmp",
					"-framework",
					CoreMotion,
					"-framework",
					AVFoundation,
					"-framework",
					VideoToolbox,
					"-framework",
					OpenGLES,
					"-framework",
					OpenAL,
					"-framework",
					AudioToolbox,
					"-framework",
					CoreMedia,
					"-framework",
					CoreVideo,
					"-framework",
					Security,
					"-framework",
					SystemConfiguration,
					"-framework",
					CFNetwork,
				);
				PRODUCT_BUNDLE_IDENTIFIER = com.gnb.godrejHome;
				PRODUCT_NAME = "$(TARGET_NAME)";
				SWIFT_OBJC_BRIDGING_HEADER = "Runner/Runner-Bridging-Header.h";
				SWIFT_VERSION = 5.0;
				VERSIONING_SYSTEM = "apple-generic";
			};
			name = Release;
		};
/* End XCBuildConfiguration section */

/* Begin XCConfigurationList section */
		331C8087294A63A400263BE5 /* Build configuration list for PBXNativeTarget "RunnerTests" */ = {
			isa = XCConfigurationList;
			buildConfigurations = (
				331C8088294A63A400263BE5 /* Debug */,
				331C8089294A63A400263BE5 /* Release */,
				331C808A294A63A400263BE5 /* Profile */,
			);
			defaultConfigurationIsVisible = 0;
			defaultConfigurationName = Release;
		};
		97C146E91CF9000F007C117D /* Build configuration list for PBXProject "Runner" */ = {
			isa = XCConfigurationList;
			buildConfigurations = (
				97C147031CF9000F007C117D /* Debug */,
				97C147041CF9000F007C117D /* Release */,
				249021D3217E4FDB00AE95B9 /* Profile */,
			);
			defaultConfigurationIsVisible = 0;
			defaultConfigurationName = Release;
		};
		97C147051CF9000F007C117D /* Build configuration list for PBXNativeTarget "Runner" */ = {
			isa = XCConfigurationList;
			buildConfigurations = (
				97C147061CF9000F007C117D /* Debug */,
				97C147071CF9000F007C117D /* Release */,
				249021D4217E4FDB00AE95B9 /* Profile */,
			);
			defaultConfigurationIsVisible = 0;
			defaultConfigurationName = Release;
		};
/* End XCConfigurationList section */
	};
	rootObject = 97C146E61CF9000F007C117D /* Project object */;
}
